
Microsoft Visual Studio Solution File, Format Version 12.00
# Visual Studio 14
VisualStudioVersion = 14.0.25123.0
MinimumVisualStudioVersion = 10.0.40219.1
Project("{8BC9CEB8-8B4A-11D0-8D11-00A0C91BC942}") = "NQueensProblem", "NQueensProblem\NQueensProblem.vcxproj", "{6CAABAB6-AD33-4777-B621-844D6F86EF9D}"
EndProject
Project("{888888A0-9F3D-457C-B088-3A5042F75D52}") = "SimulateAnnealingPy", "SimulateAnnealingPy\SimulateAnnealingPy.pyproj", "{4AA9089F-3A98-4D06-B921-3EBD23A533E2}"
EndProject
Project("{8BC9CEB8-8B4A-11D0-8D11-00A0C91BC942}") = "SimulateAnnealingC", "SimulateAnnealingC\SimulateAnnealingC.vcxproj", "{DC05086A-D384-49DE-ADE8-9CAEC8C3C61D}"
EndProject
Project("{888888A0-9F3D-457C-B088-3A5042F75D52}") = "HillClimbingPy", "HillClimbingPy\HillClimbingPy.pyproj", "{F4688D5C-3022-442B-8577-254C41829257}"
EndProject
Project("{888888A0-9F3D-457C-B088-3A5042F75D52}") = "MinConflictsPy", "MinConflictsPy\MinConflictsPy.pyproj", "{63372A59-41C6-4F56-BB16-72F49611895E}"
EndProject
Project("{888888A0-9F3D-457C-B088-3A5042F75D52}") = "GeneticPy", "Genetic\GeneticPy.pyproj", "{BD2D703A-9A0F-434E-A4EF-9DA1A7EB838C}"
EndProject
Project("{888888A0-9F3D-457C-B088-3A5042F75D52}") = "HCandSAPy", "HCandSAPy\HCandSAPy.pyproj", "{1CB15803-D48F-45DF-BFED-16DB26EA1227}"
EndProject
Project("{8BC9CEB8-8B4A-11D0-8D11-00A0C91BC942}") = "MinConflictsC", "MinConflictsC\MinConflictsC.vcxproj", "{048A39BD-BB3F-478E-BD5A-A5C26BEC30E1}"
EndProject
Project("{8BC9CEB8-8B4A-11D0-8D11-00A0C91BC942}") = "HCandSAC", "HCandSAC\HCandSAC.vcxproj", "{5E5E39E4-D928-49F2-B709-646B11A94234}"
EndProject
Global
	GlobalSection(SolutionConfigurationPlatforms) = preSolution
		Debug|Any CPU = Debug|Any CPU
		Debug|x64 = Debug|x64
		Debug|x86 = Debug|x86
		Release|Any CPU = Release|Any CPU
		Release|x64 = Release|x64
		Release|x86 = Release|x86
	EndGlobalSection
	GlobalSection(ProjectConfigurationPlatforms) = postSolution
		{6CAABAB6-AD33-4777-B621-844D6F86EF9D}.Debug|Any CPU.ActiveCfg = Debug|Win32
		{6CAABAB6-AD33-4777-B621-844D6F86EF9D}.Debug|x64.ActiveCfg = Debug|x64
		{6CAABAB6-AD33-4777-B621-844D6F86EF9D}.Debug|x64.Build.0 = Debug|x64
		{6CAABAB6-AD33-4777-B621-844D6F86EF9D}.Debug|x86.ActiveCfg = Debug|Win32
		{6CAABAB6-AD33-4777-B621-844D6F86EF9D}.Debug|x86.Build.0 = Debug|Win32
		{6CAABAB6-AD33-4777-B621-844D6F86EF9D}.Release|Any CPU.ActiveCfg = Release|Win32
		{6CAABAB6-AD33-4777-B621-844D6F86EF9D}.Release|x64.ActiveCfg = Release|x64
		{6CAABAB6-AD33-4777-B621-844D6F86EF9D}.Release|x64.Build.0 = Release|x64
		{6CAABAB6-AD33-4777-B621-844D6F86EF9D}.Release|x86.ActiveCfg = Release|Win32
		{6CAABAB6-AD33-4777-B621-844D6F86EF9D}.Release|x86.Build.0 = Release|Win32
		{4AA9089F-3A98-4D06-B921-3EBD23A533E2}.Debug|Any CPU.ActiveCfg = Debug|Any CPU
		{4AA9089F-3A98-4D06-B921-3EBD23A533E2}.Debug|x64.ActiveCfg = Debug|Any CPU
		{4AA9089F-3A98-4D06-B921-3EBD23A533E2}.Debug|x86.ActiveCfg = Debug|Any CPU
		{4AA9089F-3A98-4D06-B921-3EBD23A533E2}.Release|Any CPU.ActiveCfg = Release|Any CPU
		{4AA9089F-3A98-4D06-B921-3EBD23A533E2}.Release|x64.ActiveCfg = Release|Any CPU
		{4AA9089F-3A98-4D06-B921-3EBD23A533E2}.Release|x86.ActiveCfg = Release|Any CPU
		{DC05086A-D384-49DE-ADE8-9CAEC8C3C61D}.Debug|Any CPU.ActiveCfg = Debug|Win32
		{DC05086A-D384-49DE-ADE8-9CAEC8C3C61D}.Debug|x64.ActiveCfg = Debug|x64
		{DC05086A-D384-49DE-ADE8-9CAEC8C3C61D}.Debug|x64.Build.0 = Debug|x64
		{DC05086A-D384-49DE-ADE8-9CAEC8C3C61D}.Debug|x86.ActiveCfg = Debug|Win32
		{DC05086A-D384-49DE-ADE8-9CAEC8C3C61D}.Debug|x86.Build.0 = Debug|Win32
		{DC05086A-D384-49DE-ADE8-9CAEC8C3C61D}.Release|Any CPU.ActiveCfg = Release|Win32
		{DC05086A-D384-49DE-ADE8-9CAEC8C3C61D}.Release|x64.ActiveCfg = Release|x64
		{DC05086A-D384-49DE-ADE8-9CAEC8C3C61D}.Release|x64.Build.0 = Release|x64
		{DC05086A-D384-49DE-ADE8-9CAEC8C3C61D}.Release|x86.ActiveCfg = Release|Win32
		{DC05086A-D384-49DE-ADE8-9CAEC8C3C61D}.Release|x86.Build.0 = Release|Win32
		{F4688D5C-3022-442B-8577-254C41829257}.Debug|Any CPU.ActiveCfg = Debug|Any CPU
		{F4688D5C-3022-442B-8577-254C41829257}.Debug|x64.ActiveCfg = Debug|Any CPU
		{F4688D5C-3022-442B-8577-254C41829257}.Debug|x86.ActiveCfg = Debug|Any CPU
		{F4688D5C-3022-442B-8577-254C41829257}.Release|Any CPU.ActiveCfg = Release|Any CPU
		{F4688D5C-3022-442B-8577-254C41829257}.Release|x64.ActiveCfg = Release|Any CPU
		{F4688D5C-3022-442B-8577-254C41829257}.Release|x86.ActiveCfg = Release|Any CPU
		{63372A59-41C6-4F56-BB16-72F49611895E}.Debug|Any CPU.ActiveCfg = Debug|Any CPU
		{63372A59-41C6-4F56-BB16-72F49611895E}.Debug|x64.ActiveCfg = Debug|Any CPU
		{63372A59-41C6-4F56-BB16-72F49611895E}.Debug|x86.ActiveCfg = Debug|Any CPU
		{63372A59-41C6-4F56-BB16-72F49611895E}.Release|Any CPU.ActiveCfg = Release|Any CPU
		{63372A59-41C6-4F56-BB16-72F49611895E}.Release|x64.ActiveCfg = Release|Any CPU
		{63372A59-41C6-4F56-BB16-72F49611895E}.Release|x86.ActiveCfg = Release|Any CPU
		{BD2D703A-9A0F-434E-A4EF-9DA1A7EB838C}.Debug|Any CPU.ActiveCfg = Debug|Any CPU
		{BD2D703A-9A0F-434E-A4EF-9DA1A7EB838C}.Debug|x64.ActiveCfg = Debug|Any CPU
		{BD2D703A-9A0F-434E-A4EF-9DA1A7EB838C}.Debug|x86.ActiveCfg = Debug|Any CPU
		{BD2D703A-9A0F-434E-A4EF-9DA1A7EB838C}.Release|Any CPU.ActiveCfg = Release|Any CPU
		{BD2D703A-9A0F-434E-A4EF-9DA1A7EB838C}.Release|x64.ActiveCfg = Release|Any CPU
		{BD2D703A-9A0F-434E-A4EF-9DA1A7EB838C}.Release|x86.ActiveCfg = Release|Any CPU
		{1CB15803-D48F-45DF-BFED-16DB26EA1227}.Debug|Any CPU.ActiveCfg = Debug|Any CPU
		{1CB15803-D48F-45DF-BFED-16DB26EA1227}.Debug|x64.ActiveCfg = Debug|Any CPU
		{1CB15803-D48F-45DF-BFED-16DB26EA1227}.Debug|x86.ActiveCfg = Debug|Any CPU
		{1CB15803-D48F-45DF-BFED-16DB26EA1227}.Release|Any CPU.ActiveCfg = Release|Any CPU
		{1CB15803-D48F-45DF-BFED-16DB26EA1227}.Release|x64.ActiveCfg = Release|Any CPU
		{1CB15803-D48F-45DF-BFED-16DB26EA1227}.Release|x86.ActiveCfg = Release|Any CPU
		{048A39BD-BB3F-478E-BD5A-A5C26BEC30E1}.Debug|Any CPU.ActiveCfg = Debug|Win32
		{048A39BD-BB3F-478E-BD5A-A5C26BEC30E1}.Debug|x64.ActiveCfg = Debug|x64
		{048A39BD-BB3F-478E-BD5A-A5C26BEC30E1}.Debug|x64.Build.0 = Debug|x64
		{048A39BD-BB3F-478E-BD5A-A5C26BEC30E1}.Debug|x86.ActiveCfg = Debug|Win32
		{048A39BD-BB3F-478E-BD5A-A5C26BEC30E1}.Debug|x86.Build.0 = Debug|Win32
		{048A39BD-BB3F-478E-BD5A-A5C26BEC30E1}.Release|Any CPU.ActiveCfg = Release|Win32
		{048A39BD-BB3F-478E-BD5A-A5C26BEC30E1}.Release|x64.ActiveCfg = Release|x64
		{048A39BD-BB3F-478E-BD5A-A5C26BEC30E1}.Release|x64.Build.0 = Release|x64
		{048A39BD-BB3F-478E-BD5A-A5C26BEC30E1}.Release|x86.ActiveCfg = Release|Win32
		{048A39BD-BB3F-478E-BD5A-A5C26BEC30E1}.Release|x86.Build.0 = Release|Win32
		{5E5E39E4-D928-49F2-B709-646B11A94234}.Debug|Any CPU.ActiveCfg = Debug|Win32
		{5E5E39E4-D928-49F2-B709-646B11A94234}.Debug|x64.ActiveCfg = Debug|x64
		{5E5E39E4-D928-49F2-B709-646B11A94234}.Debug|x64.Build.0 = Debug|x64
		{5E5E39E4-D928-49F2-B709-646B11A94234}.Debug|x86.ActiveCfg = Debug|Win32
		{5E5E39E4-D928-49F2-B709-646B11A94234}.Debug|x86.Build.0 = Debug|Win32
		{5E5E39E4-D928-49F2-B709-646B11A94234}.Release|Any CPU.ActiveCfg = Release|Win32
		{5E5E39E4-D928-49F2-B709-646B11A94234}.Release|x64.ActiveCfg = Release|x64
		{5E5E39E4-D928-49F2-B709-646B11A94234}.Release|x64.Build.0 = Release|x64
		{5E5E39E4-D928-49F2-B709-646B11A94234}.Release|x86.ActiveCfg = Release|Win32
		{5E5E39E4-D928-49F2-B709-646B11A94234}.Release|x86.Build.0 = Release|Win32
	EndGlobalSection
	GlobalSection(SolutionProperties) = preSolution
		HideSolutionNode = FALSE
	EndGlobalSection
EndGlobal
